{
  "nodes": {
    "home-manager": {
      "inputs": {
        "nixpkgs": [
          "nixpkgs"
        ],
        "utils": "utils"
      },
      "locked": {
        "lastModified": 1676892629,
        "narHash": "sha256-rlvsqoSBO5dCwfnn7xvImYREidIPJaiFS3b54TZF4pU=",
        "owner": "nix-community",
        "repo": "home-manager",
        "rev": "72ce74d3eae78a6b31538ea7ebe0c1fcf4a10f7a",
        "type": "github"
      },
      "original": {
        "owner": "nix-community",
        "repo": "home-manager",
        "type": "github"
      }
    },
    "nixos-hardware": {
      "locked": {
        "lastModified": 1682836095,
        "narHash": "sha256-PdzpJhuXBz71AgWNWMMYLbB8GMMce6QguhQY/6HOOcc=",
        "owner": "NixOS",
        "repo": "nixos-hardware",
        "rev": "e4a21ddcb45ee5f5c85a5d9e9698debf77fb98c3",
        "type": "github"
      },
      "original": {
        "owner": "NixOS",
        "ref": "master",
        "repo": "nixos-hardware",
        "type": "github"
      }
    },
    "nixos-nvidia-vgpu": {
      "locked": {
        "lastModified": 1683479471,
        "narHash": "sha256-kUlV2CYCCbOs0rOHz88et5anyarpW5ec7zvIZPv0TJo=",
        "path": "/mnt/DataDisk/PersonalFiles/2023/Projects/Programming/nixos-nvidia-vgpu_nixOS22.11/",
        "type": "path"
      },
      "original": {
        "path": "/mnt/DataDisk/PersonalFiles/2023/Projects/Programming/nixos-nvidia-vgpu_nixOS22.11/",
        "type": "path"
      }
    },
    "nixpkgs": {
      "locked": {
        "lastModified": 1682669017,
        "narHash": "sha256-Vi+p4y3wnl0/4gcwTdmCO398kKlDaUrNROtf3GOD2NY=",
        "owner": "nixos",
        "repo": "nixpkgs",
        "rev": "7449971a3ecf857b4a554cf79b1d9dcc1a4647d8",
        "type": "github"
      },
      "original": {
        "owner": "nixos",
        "ref": "nixos-22.11",
        "repo": "nixpkgs",
        "type": "github"
      }
    },
    "root": {
      "inputs": {
        "home-manager": "home-manager",
        "nixos-hardware": "nixos-hardware",
        "nixos-nvidia-vgpu": "nixos-nvidia-vgpu",
        "nixpkgs": "nixpkgs"
      }
    },
    "utils": {
      "locked": {
        "lastModified": 1667395993,
        "narHash": "sha256-nuEHfE/LcWyuSWnS8t12N1wc105Qtau+/OdUAjtQ0rA=",
        "owner": "numtide",
        "repo": "flake-utils",
        "rev": "5aed5285a952e0b949eb3ba02c12fa4fcfef535f",
        "type": "github"
      },
      "original": {
        "owner": "numtide",
        "repo": "flake-utils",
        "type": "github"
      }
    }
  },
  "root": "root",
  "version": 7
}
